
Microsoft Visual Studio Solution File, Format Version 12.00
# Visual Studio Version 16
VisualStudioVersion = 16.0.29920.165
MinimumVisualStudioVersion = 10.0.40219.1
Project("{FAE04EC0-301F-11D3-BF4B-00C04F79EFBC}") = "CommodityApp", "CommodityApp\CommodityApp.csproj", "{6698AAEF-6521-4C1F-B1C1-772DAFB4464B}"
EndProject
Global
	GlobalSection(SolutionConfigurationPlatforms) = preSolution
		Debug|Any CPU = Debug|Any CPU
		Release|Any CPU = Release|Any CPU
	EndGlobalSection
	GlobalSection(ProjectConfigurationPlatforms) = postSolution
		{6698AAEF-6521-4C1F-B1C1-772DAFB4464B}.Debug|Any CPU.ActiveCfg = Debug|Any CPU
		{6698AAEF-6521-4C1F-B1C1-772DAFB4464B}.Debug|Any CPU.Build.0 = Debug|Any CPU
		{6698AAEF-6521-4C1F-B1C1-772DAFB4464B}.Release|Any CPU.ActiveCfg = Release|Any CPU
		{6698AAEF-6521-4C1F-B1C1-772DAFB4464B}.Release|Any CPU.Build.0 = Release|Any CPU
	EndGlobalSection
	GlobalSection(SolutionProperties) = preSolution
		HideSolutionNode = FALSE
	EndGlobalSection
	GlobalSection(ExtensibilityGlobals) = postSolution
		SolutionGuid = {1D769FC3-F010-4C07-90E3-4564EF3A3A40}
	EndGlobalSection
EndGlobal
